<?xml version="1.0" encoding="utf-8"?>
<Project ToolsVersion="4.0" xmlns="http://schemas.microsoft.com/developer/msbuild/2003">
  <ItemGroup>
    <ClCompile Include="imgui.cpp">
      <Filter>98. Imgui</Filter>
    </ClCompile>
    <ClCompile Include="imgui_demo.cpp">
      <Filter>98. Imgui</Filter>
    </ClCompile>
    <ClCompile Include="imgui_draw.cpp">
      <Filter>98. Imgui</Filter>
    </ClCompile>
    <ClCompile Include="backends\imgui_impl_dx11.cpp">
      <Filter>98. Imgui</Filter>
    </ClCompile>
    <ClCompile Include="backends\imgui_impl_win32.cpp">
      <Filter>98. Imgui</Filter>
    </ClCompile>
    <ClCompile Include="imgui_tables.cpp">
      <Filter>98. Imgui</Filter>
    </ClCompile>
    <ClCompile Include="imgui_widgets.cpp">
      <Filter>98. Imgui</Filter>
    </ClCompile>
    <ClCompile Include="main.cpp">
      <Filter>97. Default</Filter>
    </ClCompile>
    <ClCompile Include="..\private\MainTool.cpp">
      <Filter>00. MainTool</Filter>
    </ClCompile>
    <ClCompile Include="..\private\ImWindow.cpp">
      <Filter>01. ImWindow</Filter>
    </ClCompile>
    <ClCompile Include="..\private\Level_Tool.cpp">
      <Filter>00. MainTool\Level</Filter>
    </ClCompile>
    <ClCompile Include="..\private\ImWindow_Manager.cpp">
      <Filter>96. Managers\Window</Filter>
    </ClCompile>
    <ClCompile Include="..\private\Window_Tool.cpp">
      <Filter>01. ImWindow\Tool &amp; Terrain</Filter>
    </ClCompile>
    <ClCompile Include="..\private\ToolInstance.cpp">
      <Filter>96. Managers\Instance</Filter>
    </ClCompile>
    <ClCompile Include="..\private\Terrain.cpp">
      <Filter>02. ToolObject\Terrain</Filter>
    </ClCompile>
    <ClCompile Include="..\private\Camera_Free.cpp">
      <Filter>02. ToolObject\Camera_Free</Filter>
    </ClCompile>
    <ClCompile Include="..\private\Window_Camera.cpp">
      <Filter>01. ImWindow\Camera</Filter>
    </ClCompile>
    <ClCompile Include="..\private\Window_UI.cpp">
      <Filter>01. ImWindow\UI</Filter>
    </ClCompile>
    <ClCompile Include="ImGuiFileDialog.cpp">
      <Filter>98. Imgui</Filter>
    </ClCompile>
    <ClCompile Include="..\private\Window_Light.cpp">
      <Filter>01. ImWindow\Light</Filter>
    </ClCompile>
    <ClCompile Include="..\private\Axis.cpp">
      <Filter>02. ToolObject\Axis</Filter>
    </ClCompile>
    <ClCompile Include="..\private\Window_Model.cpp">
      <Filter>01. ImWindow\Model</Filter>
    </ClCompile>
    <ClCompile Include="..\private\Window_Object.cpp">
      <Filter>01. ImWindow\Object</Filter>
    </ClCompile>
    <ClCompile Include="..\private\AnimModel.cpp">
      <Filter>02. ToolObject\DummyObject\Model</Filter>
    </ClCompile>
    <ClCompile Include="..\private\NonAnimModel.cpp">
      <Filter>02. ToolObject\DummyObject\Model</Filter>
    </ClCompile>
    <ClCompile Include="..\Private\Dummy.cpp">
      <Filter>02. ToolObject\DummyObject</Filter>
    </ClCompile>
  </ItemGroup>
  <ItemGroup>
    <ClInclude Include="imconfig.h">
      <Filter>98. Imgui</Filter>
    </ClInclude>
    <ClInclude Include="imgui.h">
      <Filter>98. Imgui</Filter>
    </ClInclude>
    <ClInclude Include="backends\imgui_impl_dx11.h">
      <Filter>98. Imgui</Filter>
    </ClInclude>
    <ClInclude Include="backends\imgui_impl_win32.h">
      <Filter>98. Imgui</Filter>
    </ClInclude>
    <ClInclude Include="imgui_internal.h">
      <Filter>98. Imgui</Filter>
    </ClInclude>
    <ClInclude Include="imstb_rectpack.h">
      <Filter>98. Imgui</Filter>
    </ClInclude>
    <ClInclude Include="imstb_textedit.h">
      <Filter>98. Imgui</Filter>
    </ClInclude>
    <ClInclude Include="imstb_truetype.h">
      <Filter>98. Imgui</Filter>
    </ClInclude>
    <ClInclude Include="..\public\MainTool.h">
      <Filter>00. MainTool</Filter>
    </ClInclude>
    <ClInclude Include="..\Public\Tool_Defines.h">
      <Filter>99. Headers</Filter>
    </ClInclude>
    <ClInclude Include="..\public\ImWindow.h">
      <Filter>01. ImWindow</Filter>
    </ClInclude>
    <ClInclude Include="..\public\Level_Tool.h">
      <Filter>00. MainTool\Level</Filter>
    </ClInclude>
    <ClInclude Include="..\public\ImWindow_Manager.h">
      <Filter>96. Managers\Window</Filter>
    </ClInclude>
    <ClInclude Include="..\public\Window_Tool.h">
      <Filter>01. ImWindow\Tool &amp; Terrain</Filter>
    </ClInclude>
    <ClInclude Include="..\public\ToolInstance.h">
      <Filter>96. Managers\Instance</Filter>
    </ClInclude>
    <ClInclude Include="..\Public\Tool_Struct.h">
      <Filter>99. Headers</Filter>
    </ClInclude>
    <ClInclude Include="..\public\Terrain.h">
      <Filter>02. ToolObject\Terrain</Filter>
    </ClInclude>
    <ClInclude Include="..\public\Camera_Free.h">
      <Filter>02. ToolObject\Camera_Free</Filter>
    </ClInclude>
    <ClInclude Include="..\public\Window_Camera.h">
      <Filter>01. ImWindow\Camera</Filter>
    </ClInclude>
    <ClInclude Include="..\public\Window_UI.h">
      <Filter>01. ImWindow\UI</Filter>
    </ClInclude>
    <ClInclude Include="ImGuiFileDialog.h">
      <Filter>98. Imgui</Filter>
    </ClInclude>
    <ClInclude Include="ImGuiFileDialogConfig.h">
      <Filter>98. Imgui</Filter>
    </ClInclude>
    <ClInclude Include="stb\stb_image.h">
      <Filter>98. Imgui</Filter>
    </ClInclude>
    <ClInclude Include="stb\stb_image_resize.h">
      <Filter>98. Imgui</Filter>
    </ClInclude>
    <ClInclude Include="..\public\Window_Light.h">
      <Filter>01. ImWindow\Light</Filter>
    </ClInclude>
    <ClInclude Include="..\public\Axis.h">
      <Filter>02. ToolObject\Axis</Filter>
    </ClInclude>
    <ClInclude Include="..\public\Window_Model.h">
      <Filter>01. ImWindow\Model</Filter>
    </ClInclude>
    <ClInclude Include="..\Public\Tool_Function.h">
      <Filter>99. Headers</Filter>
    </ClInclude>
    <ClInclude Include="..\public\Window_Object.h">
      <Filter>01. ImWindow\Object</Filter>
    </ClInclude>
    <ClInclude Include="..\public\NonAnimModel.h">
      <Filter>02. ToolObject\DummyObject\Model</Filter>
    </ClInclude>
    <ClInclude Include="..\public\AnimModel.h">
      <Filter>02. ToolObject\DummyObject\Model</Filter>
    </ClInclude>
    <ClInclude Include="..\Public\Dummy.h">
      <Filter>02. ToolObject\DummyObject</Filter>
    </ClInclude>
  </ItemGroup>
  <ItemGroup>
    <Filter Include="99. Headers">
      <UniqueIdentifier>{23da519b-8f9d-40de-b6a9-4f27ad00e006}</UniqueIdentifier>
    </Filter>
    <Filter Include="98. Imgui">
      <UniqueIdentifier>{6be37c11-855d-4a7c-8181-4618948d0fbd}</UniqueIdentifier>
    </Filter>
    <Filter Include="97. Default">
      <UniqueIdentifier>{f549b59b-c9f4-4dd2-a56e-30f8fc3542c7}</UniqueIdentifier>
    </Filter>
    <Filter Include="00. MainTool">
      <UniqueIdentifier>{42ad99fd-8c4b-4b28-a79e-31c2e28569b7}</UniqueIdentifier>
    </Filter>
    <Filter Include="01. ImWindow">
      <UniqueIdentifier>{72201d44-662a-4e1f-ab38-1d603d822335}</UniqueIdentifier>
    </Filter>
    <Filter Include="00. MainTool\Level">
      <UniqueIdentifier>{ec25a9eb-dbfc-46ca-9b39-9b4c81b97b67}</UniqueIdentifier>
    </Filter>
    <Filter Include="96. Managers">
      <UniqueIdentifier>{98c9ec1a-b769-48fd-a5bd-f9f2c3e0c928}</UniqueIdentifier>
    </Filter>
    <Filter Include="96. Managers\Window">
      <UniqueIdentifier>{2dc4ee36-4ef7-4b42-82b1-c91827dd8617}</UniqueIdentifier>
    </Filter>
    <Filter Include="96. Managers\Instance">
      <UniqueIdentifier>{944fc16a-9e39-4c49-b59a-35d109be6631}</UniqueIdentifier>
    </Filter>
    <Filter Include="02. ToolObject">
      <UniqueIdentifier>{414f2479-5282-4c23-954a-6e4f4668db7e}</UniqueIdentifier>
    </Filter>
    <Filter Include="02. ToolObject\Terrain">
      <UniqueIdentifier>{338d7f44-6e6b-44b5-a14c-a394e65251ad}</UniqueIdentifier>
    </Filter>
    <Filter Include="96. ShaderFiles">
      <UniqueIdentifier>{a9f8ace1-6aa8-4dff-a346-ddfc6cd6ef47}</UniqueIdentifier>
    </Filter>
    <Filter Include="02. ToolObject\Camera_Free">
      <UniqueIdentifier>{c523fe43-2f3e-414a-a531-9c466dca5235}</UniqueIdentifier>
    </Filter>
    <Filter Include="01. ImWindow\Camera">
      <UniqueIdentifier>{860ed18a-9be6-4a39-89da-c43ce5733179}</UniqueIdentifier>
    </Filter>
    <Filter Include="01. ImWindow\Light">
      <UniqueIdentifier>{08763a61-47f1-4480-a559-c5cafbb514a3}</UniqueIdentifier>
    </Filter>
    <Filter Include="01. ImWindow\UI">
      <UniqueIdentifier>{940470a4-51a9-434b-9968-118ceb59f3f9}</UniqueIdentifier>
    </Filter>
    <Filter Include="02. ToolObject\Axis">
      <UniqueIdentifier>{7d914554-17d5-42ef-a0b3-71d9479048ce}</UniqueIdentifier>
    </Filter>
    <Filter Include="02. ToolObject\DummyObject">
      <UniqueIdentifier>{cd3c57c5-f724-44cb-8cd6-d08239b5078a}</UniqueIdentifier>
    </Filter>
    <Filter Include="01. ImWindow\Model">
      <UniqueIdentifier>{22ee1db2-a7d9-4979-801f-4e3c7e455b82}</UniqueIdentifier>
    </Filter>
    <Filter Include="01. ImWindow\Tool &amp; Terrain">
      <UniqueIdentifier>{1ed5c598-2858-4c14-bcfb-9b2ba9001290}</UniqueIdentifier>
    </Filter>
    <Filter Include="02. ToolObject\DummyObject\Model">
      <UniqueIdentifier>{88f4677f-1c34-419e-9e5a-b754ffabc18e}</UniqueIdentifier>
    </Filter>
    <Filter Include="01. ImWindow\Object">
      <UniqueIdentifier>{705ffff4-2ba7-41ce-9bf8-b88dc8b699b7}</UniqueIdentifier>
    </Filter>
  </ItemGroup>
  <ItemGroup>
    <None Include="misc\debuggers\imgui.natstepfilter">
      <Filter>98. Imgui</Filter>
    </None>
  </ItemGroup>
  <ItemGroup>
    <Natvis Include="misc\debuggers\imgui.natvis">
      <Filter>98. Imgui</Filter>
    </Natvis>
  </ItemGroup>
  <ItemGroup>
    <FxCompile Include="..\Bin\ShaderFiles\Shader_Cube.hlsl">
      <Filter>96. ShaderFiles</Filter>
    </FxCompile>
    <FxCompile Include="..\Bin\ShaderFiles\Shader_NonTex.hlsl">
      <Filter>96. ShaderFiles</Filter>
    </FxCompile>
    <FxCompile Include="..\Bin\ShaderFiles\Shader_Terrain.hlsl">
      <Filter>96. ShaderFiles</Filter>
    </FxCompile>
    <FxCompile Include="..\Bin\ShaderFiles\Shader_NonAnimModel.hlsl">
      <Filter>96. ShaderFiles</Filter>
    </FxCompile>
    <FxCompile Include="..\Bin\ShaderFiles\Shader_AnimModel.hlsl">
      <Filter>96. ShaderFiles</Filter>
    </FxCompile>
  </ItemGroup>
</Project>