<?xml version="1.0" encoding="utf-8"?>
<Project ToolsVersion="4.0" xmlns="http://schemas.microsoft.com/developer/msbuild/2003">
  <ItemGroup>
    <Filter Include="01. Utility">
      <UniqueIdentifier>{5573e5ed-4e28-4498-aa3c-5264e025b184}</UniqueIdentifier>
    </Filter>
    <Filter Include="00. System">
      <UniqueIdentifier>{7cf87b07-da55-4052-8742-2b69bb33c77e}</UniqueIdentifier>
    </Filter>
    <Filter Include="99. Headers">
      <UniqueIdentifier>{94cf88ec-3b44-413e-963b-b7fc06409da7}</UniqueIdentifier>
    </Filter>
    <Filter Include="01. Utility\99. SuperClass">
      <UniqueIdentifier>{e4940ebc-329f-47e8-b059-6f22fec62227}</UniqueIdentifier>
    </Filter>
    <Filter Include="01. Utility\00. GameInstance">
      <UniqueIdentifier>{8d9af0e6-13b6-4a21-8a73-4bd490b369a3}</UniqueIdentifier>
    </Filter>
    <Filter Include="00. System\00. Device">
      <UniqueIdentifier>{7d2bca39-5d79-44bb-9d51-8a5dd0fd01c5}</UniqueIdentifier>
    </Filter>
    <Filter Include="00. System\00. Device\Graphic">
      <UniqueIdentifier>{5f2f3809-5a27-4c1f-bc48-a6411c8d57c6}</UniqueIdentifier>
    </Filter>
    <Filter Include="01. Utility\01. Levels">
      <UniqueIdentifier>{2c2cbf1d-cdd5-4810-b3dd-cc3ffc5bd683}</UniqueIdentifier>
    </Filter>
    <Filter Include="01. Utility\01. Levels\Level">
      <UniqueIdentifier>{a0203e81-1264-4e30-bae9-e487753415b3}</UniqueIdentifier>
    </Filter>
    <Filter Include="01. Utility\02. GameObjects">
      <UniqueIdentifier>{6b248299-bad3-40d6-a6f3-88236cc8c0ec}</UniqueIdentifier>
    </Filter>
    <Filter Include="01. Utility\02. GameObjects\Manager">
      <UniqueIdentifier>{9db43507-c9c9-4659-b8e7-d337d9ef3341}</UniqueIdentifier>
    </Filter>
    <Filter Include="01. Utility\02. GameObjects\Layer">
      <UniqueIdentifier>{0c4f5d80-44f6-4991-8128-2432196ae405}</UniqueIdentifier>
    </Filter>
    <Filter Include="01. Utility\03. Components">
      <UniqueIdentifier>{4ef6def9-c964-460c-9594-0e6f361a57e0}</UniqueIdentifier>
    </Filter>
    <Filter Include="01. Utility\03. Components\Manager">
      <UniqueIdentifier>{18aec102-dd4f-4764-a89c-edfe90f0ff70}</UniqueIdentifier>
    </Filter>
    <Filter Include="01. Utility\03. Components\Renderer">
      <UniqueIdentifier>{2c3d4843-19bd-4792-8054-90f92f5a5fb7}</UniqueIdentifier>
    </Filter>
    <Filter Include="00. System\01. Timer">
      <UniqueIdentifier>{df2b7430-a684-44b8-a300-f802a45a12c1}</UniqueIdentifier>
    </Filter>
    <Filter Include="00. System\01. Timer\Manager">
      <UniqueIdentifier>{3865fd73-fc4b-4182-bec8-21cdb1ae8407}</UniqueIdentifier>
    </Filter>
    <Filter Include="01. Utility\03. Components\VIBuffer">
      <UniqueIdentifier>{be1b118c-8036-4d63-a359-1e047962a299}</UniqueIdentifier>
    </Filter>
    <Filter Include="01. Utility\03. Components\VIBuffer\Cube">
      <UniqueIdentifier>{b6ee2d47-22d5-4403-bb7c-734a5163ca86}</UniqueIdentifier>
    </Filter>
    <Filter Include="01. Utility\03. Components\VIBuffer\Rect">
      <UniqueIdentifier>{347980b8-0cb2-44cc-91b2-b2ecc08f4194}</UniqueIdentifier>
    </Filter>
    <Filter Include="01. Utility\03. Components\VIBuffer\Terrain">
      <UniqueIdentifier>{cb8ce9f7-c01b-46b9-ac2d-6f51008c7c27}</UniqueIdentifier>
    </Filter>
    <Filter Include="01. Utility\03. Components\Shader">
      <UniqueIdentifier>{a41f9bc8-bbfd-4a9b-ad1c-ebbc463e5ade}</UniqueIdentifier>
    </Filter>
    <Filter Include="00. System\02. DInput">
      <UniqueIdentifier>{ac94b3ec-0079-46da-bdb9-95c2983571b4}</UniqueIdentifier>
    </Filter>
    <Filter Include="01. Utility\03. Components\VIBuffer\Line">
      <UniqueIdentifier>{2e545b8c-0265-4238-8b60-bf0157395166}</UniqueIdentifier>
    </Filter>
    <Filter Include="01. Utility\03. Components\Texture">
      <UniqueIdentifier>{d15e9f88-a737-41f1-b81e-f791f7004158}</UniqueIdentifier>
    </Filter>
    <Filter Include="01. Utility\03. Components\Transform">
      <UniqueIdentifier>{e43b9cb6-2b1b-4e78-bbf2-183b64d7a3af}</UniqueIdentifier>
    </Filter>
  </ItemGroup>
  <ItemGroup>
    <ClInclude Include="..\Public\Base.h">
      <Filter>01. Utility\99. SuperClass</Filter>
    </ClInclude>
    <ClInclude Include="..\Public\Engine_Defines.h">
      <Filter>99. Headers</Filter>
    </ClInclude>
    <ClInclude Include="..\Public\Engine_Function.h">
      <Filter>99. Headers</Filter>
    </ClInclude>
    <ClInclude Include="..\Public\Engine_Macro.h">
      <Filter>99. Headers</Filter>
    </ClInclude>
    <ClInclude Include="..\Public\Engine_Typedef.h">
      <Filter>99. Headers</Filter>
    </ClInclude>
    <ClInclude Include="..\Public\Graphic_Device.h">
      <Filter>00. System\00. Device\Graphic</Filter>
    </ClInclude>
    <ClInclude Include="..\Public\Engine_Struct.h">
      <Filter>99. Headers</Filter>
    </ClInclude>
    <ClInclude Include="..\Public\GameInstance.h">
      <Filter>01. Utility\00. GameInstance</Filter>
    </ClInclude>
    <ClInclude Include="..\Public\Level_Manager.h">
      <Filter>01. Utility\01. Levels</Filter>
    </ClInclude>
    <ClInclude Include="..\Public\Level.h">
      <Filter>01. Utility\01. Levels\Level</Filter>
    </ClInclude>
    <ClInclude Include="..\Public\GameObject.h">
      <Filter>01. Utility\02. GameObjects</Filter>
    </ClInclude>
    <ClInclude Include="..\Public\Object_Manager.h">
      <Filter>01. Utility\02. GameObjects\Manager</Filter>
    </ClInclude>
    <ClInclude Include="..\Public\Layer.h">
      <Filter>01. Utility\02. GameObjects\Layer</Filter>
    </ClInclude>
    <ClInclude Include="..\Public\Timer.h">
      <Filter>00. System\01. Timer</Filter>
    </ClInclude>
    <ClInclude Include="..\Public\Timer_Manager.h">
      <Filter>00. System\01. Timer\Manager</Filter>
    </ClInclude>
    <ClInclude Include="..\Public\Component.h">
      <Filter>01. Utility\03. Components</Filter>
    </ClInclude>
    <ClInclude Include="..\Public\Renderer.h">
      <Filter>01. Utility\03. Components\Renderer</Filter>
    </ClInclude>
    <ClInclude Include="..\Public\Component_Manager.h">
      <Filter>01. Utility\03. Components\Manager</Filter>
    </ClInclude>
    <ClInclude Include="..\Public\VIBuffer.h">
      <Filter>01. Utility\03. Components\VIBuffer</Filter>
    </ClInclude>
    <ClInclude Include="..\Public\VIBuffer_Rect.h">
      <Filter>01. Utility\03. Components\VIBuffer\Rect</Filter>
    </ClInclude>
    <ClInclude Include="..\Public\Shader.h">
      <Filter>01. Utility\03. Components\Shader</Filter>
    </ClInclude>
    <ClInclude Include="..\Public\DInput_Manager.h">
      <Filter>00. System\02. DInput</Filter>
    </ClInclude>
    <ClInclude Include="..\Public\Engine_Enums.h">
      <Filter>99. Headers</Filter>
    </ClInclude>
    <ClInclude Include="..\Public\VIBuffer_Terrain.h">
      <Filter>01. Utility\03. Components\VIBuffer\Terrain</Filter>
    </ClInclude>
    <ClInclude Include="..\Public\VIBuffer_Line.h">
      <Filter>01. Utility\03. Components\VIBuffer\Line</Filter>
    </ClInclude>
    <ClInclude Include="..\Public\Texture.h">
      <Filter>01. Utility\03. Components\Texture</Filter>
    </ClInclude>
    <ClInclude Include="..\public\VIBuffer_Cube.h">
      <Filter>01. Utility\03. Components\VIBuffer\Cube</Filter>
    </ClInclude>
    <ClInclude Include="..\public\Transform.h">
      <Filter>01. Utility\03. Components\Transform</Filter>
    </ClInclude>
  </ItemGroup>
  <ItemGroup>
    <ClCompile Include="..\Private\Base.cpp">
      <Filter>01. Utility\99. SuperClass</Filter>
    </ClCompile>
    <ClCompile Include="..\Private\Graphic_Device.cpp">
      <Filter>00. System\00. Device\Graphic</Filter>
    </ClCompile>
    <ClCompile Include="..\Private\GameInstance.cpp">
      <Filter>01. Utility\00. GameInstance</Filter>
    </ClCompile>
    <ClCompile Include="..\Private\Level_Manager.cpp">
      <Filter>01. Utility\01. Levels</Filter>
    </ClCompile>
    <ClCompile Include="..\Private\Level.cpp">
      <Filter>01. Utility\01. Levels\Level</Filter>
    </ClCompile>
    <ClCompile Include="..\Private\GameObject.cpp">
      <Filter>01. Utility\02. GameObjects</Filter>
    </ClCompile>
    <ClCompile Include="..\Private\Layer.cpp">
      <Filter>01. Utility\02. GameObjects\Layer</Filter>
    </ClCompile>
    <ClCompile Include="..\Private\Timer.cpp">
      <Filter>00. System\01. Timer</Filter>
    </ClCompile>
    <ClCompile Include="..\Private\Timer_Manager.cpp">
      <Filter>00. System\01. Timer\Manager</Filter>
    </ClCompile>
    <ClCompile Include="..\Private\Component.cpp">
      <Filter>01. Utility\03. Components</Filter>
    </ClCompile>
    <ClCompile Include="..\Private\Component_Manager.cpp">
      <Filter>01. Utility\03. Components\Manager</Filter>
    </ClCompile>
    <ClCompile Include="..\Private\VIBuffer.cpp">
      <Filter>01. Utility\03. Components\VIBuffer</Filter>
    </ClCompile>
    <ClCompile Include="..\Private\VIBuffer_Rect.cpp">
      <Filter>01. Utility\03. Components\VIBuffer\Rect</Filter>
    </ClCompile>
    <ClCompile Include="..\Private\Shader.cpp">
      <Filter>01. Utility\03. Components\Shader</Filter>
    </ClCompile>
    <ClCompile Include="..\Private\Renderer.cpp">
      <Filter>01. Utility\03. Components\Renderer</Filter>
    </ClCompile>
    <ClCompile Include="..\Private\Object_Manager.cpp">
      <Filter>01. Utility\02. GameObjects\Manager</Filter>
    </ClCompile>
    <ClCompile Include="..\Private\Engine_Struct.cpp">
      <Filter>99. Headers</Filter>
    </ClCompile>
    <ClCompile Include="..\Private\DInput_Manager.cpp">
      <Filter>00. System\02. DInput</Filter>
    </ClCompile>
    <ClCompile Include="..\Private\VIBuffer_Terrain.cpp">
      <Filter>01. Utility\03. Components\VIBuffer\Terrain</Filter>
    </ClCompile>
    <ClCompile Include="..\Private\VIBuffer_Line.cpp">
      <Filter>01. Utility\03. Components\VIBuffer\Line</Filter>
    </ClCompile>
    <ClCompile Include="..\Private\Texture.cpp">
      <Filter>01. Utility\03. Components\Texture</Filter>
    </ClCompile>
    <ClCompile Include="..\private\VIBuffer_Cube.cpp">
      <Filter>01. Utility\03. Components\VIBuffer\Cube</Filter>
    </ClCompile>
    <ClCompile Include="..\private\Transform.cpp">
      <Filter>01. Utility\03. Components\Transform</Filter>
    </ClCompile>
  </ItemGroup>
</Project>