<?xml version="1.0" encoding="utf-8"?>
<Project ToolsVersion="4.0" xmlns="http://schemas.microsoft.com/developer/msbuild/2003">
  <ItemGroup>
    <Filter Include="00. MainApp">
      <UniqueIdentifier>{3f142707-8a1b-4809-bfcf-20babf4d4a21}</UniqueIdentifier>
    </Filter>
    <Filter Include="98. Default">
      <UniqueIdentifier>{9e2d78b0-61c9-4e1c-9c00-5336e5647376}</UniqueIdentifier>
    </Filter>
    <Filter Include="99. Headers">
      <UniqueIdentifier>{0306e3dc-f8f4-4321-8567-08e22d6e417b}</UniqueIdentifier>
    </Filter>
    <Filter Include="01. Levels">
      <UniqueIdentifier>{79a58daf-e4a6-4df6-aa88-a39ab581460f}</UniqueIdentifier>
    </Filter>
    <Filter Include="01. Levels\00. Logo">
      <UniqueIdentifier>{9e40ef7d-597e-4393-9f34-7c0fe2405fb4}</UniqueIdentifier>
    </Filter>
    <Filter Include="01. Levels\99. Loading">
      <UniqueIdentifier>{2f771559-dfe4-47f2-95cc-936ac85b0dc4}</UniqueIdentifier>
    </Filter>
    <Filter Include="02. GameObjects">
      <UniqueIdentifier>{a527309f-c54d-4a88-b17a-74827b92292c}</UniqueIdentifier>
    </Filter>
    <Filter Include="97. ShaderFiles">
      <UniqueIdentifier>{c7122d60-1c37-4d7c-b690-fdfc286c14b1}</UniqueIdentifier>
    </Filter>
    <Filter Include="02. GameObjects\00. Player">
      <UniqueIdentifier>{df0bf52c-230e-4ea0-8d0f-1028bddfee5c}</UniqueIdentifier>
    </Filter>
    <Filter Include="02. GameObjects\00. Player\Katana">
      <UniqueIdentifier>{65c21656-7e7c-4bd8-be2d-c5c37b991be4}</UniqueIdentifier>
    </Filter>
    <Filter Include="02. GameObjects\99. Debug">
      <UniqueIdentifier>{c5240f45-e1ef-4bfb-b66c-08449eda0c9e}</UniqueIdentifier>
    </Filter>
    <Filter Include="02. GameObjects\99. Debug\Terrain">
      <UniqueIdentifier>{e1dfe010-7cfe-4b63-98ae-d83f3b4393db}</UniqueIdentifier>
    </Filter>
    <Filter Include="02. GameObjects\99. Debug\FreeCam">
      <UniqueIdentifier>{8008fbe6-02b5-4a71-8dfb-57073fc91837}</UniqueIdentifier>
    </Filter>
    <Filter Include="02. GameObjects\99. Debug\ForkLift">
      <UniqueIdentifier>{ef9665b2-633e-40e4-a284-294deb449a52}</UniqueIdentifier>
    </Filter>
    <Filter Include="02. GameObjects\01. Enemy">
      <UniqueIdentifier>{6f40b148-68c7-4d09-a50a-c0e8cac360fe}</UniqueIdentifier>
    </Filter>
    <Filter Include="02. GameObjects\01. Enemy\Enemy_Pistol">
      <UniqueIdentifier>{e57b3ad5-1826-4aba-9aea-a270c9f27ca6}</UniqueIdentifier>
    </Filter>
    <Filter Include="02. GameObjects\01. Enemy\Bullet">
      <UniqueIdentifier>{8b43ac0b-74d5-4914-ad46-c2a2a71a6638}</UniqueIdentifier>
    </Filter>
    <Filter Include="02. GameObjects\01. Enemy\Enemy_Pistol\Pistol">
      <UniqueIdentifier>{43d175a8-79b6-472c-91ed-2b51aea2409a}</UniqueIdentifier>
    </Filter>
    <Filter Include="03. Behaviors">
      <UniqueIdentifier>{48b0d62d-e1cd-403c-85f2-29f870d00d20}</UniqueIdentifier>
    </Filter>
    <Filter Include="03. Behaviors\00. Selector">
      <UniqueIdentifier>{42d5d73c-b8da-49fe-bb23-30302d28c9aa}</UniqueIdentifier>
    </Filter>
    <Filter Include="03. Behaviors\01. Sequence">
      <UniqueIdentifier>{ecf30882-7033-44dc-a068-1f809a59d7a2}</UniqueIdentifier>
    </Filter>
    <Filter Include="03. Behaviors\02. Task">
      <UniqueIdentifier>{5dd089ce-bab7-497f-bc3d-69dbd5f11e9d}</UniqueIdentifier>
    </Filter>
    <Filter Include="03. Behaviors\02. Task\00. Transform">
      <UniqueIdentifier>{719678ed-d0f0-40e3-88c1-6684ef17ac2f}</UniqueIdentifier>
    </Filter>
    <Filter Include="03. Behaviors\02. Task\99. Stop">
      <UniqueIdentifier>{a9389dfd-a66c-4dd4-a4a4-74ec9c484d4a}</UniqueIdentifier>
    </Filter>
    <Filter Include="03. Behaviors\02. Task\01. Attack">
      <UniqueIdentifier>{f90f7978-06be-4e1d-97ae-4bcfc758eab3}</UniqueIdentifier>
    </Filter>
    <Filter Include="02. GameObjects\01. Enemy\Enemy_Sword">
      <UniqueIdentifier>{9106f328-fd6c-4984-a333-1cdc95245e43}</UniqueIdentifier>
    </Filter>
    <Filter Include="02. GameObjects\01. Enemy\Enemy_Sword\Sword">
      <UniqueIdentifier>{bf2ea7a3-259d-4093-83b0-031ff43aa1fd}</UniqueIdentifier>
    </Filter>
    <Filter Include="02. GameObjects\00. Player\Shuriken">
      <UniqueIdentifier>{1d72be87-f290-4a37-8a3d-0a89226255e6}</UniqueIdentifier>
    </Filter>
    <Filter Include="02. GameObjects\01. Enemy\Enemy_Hammer">
      <UniqueIdentifier>{df87a609-14b7-49af-ab59-ab060e29126f}</UniqueIdentifier>
    </Filter>
    <Filter Include="02. GameObjects\01. Enemy\Enemy_Hammer\Hammer">
      <UniqueIdentifier>{aa7cb8c3-d2bb-4485-9e15-f9294d4a97d2}</UniqueIdentifier>
    </Filter>
    <Filter Include="01. Levels\02. Stage2">
      <UniqueIdentifier>{2b5c9a91-1869-4191-b98d-bccef8ed33a6}</UniqueIdentifier>
    </Filter>
    <Filter Include="01. Levels\01. Stage1">
      <UniqueIdentifier>{acf18d13-a82e-4a88-9cc4-4db74819a648}</UniqueIdentifier>
    </Filter>
    <Filter Include="01. Levels\03. Boss">
      <UniqueIdentifier>{ba2fd15d-956f-470f-aaed-554f32dfd969}</UniqueIdentifier>
    </Filter>
    <Filter Include="02. GameObjects\01. Enemy\Boss">
      <UniqueIdentifier>{c4dd895e-d3a6-455a-b095-93ee7bf2027f}</UniqueIdentifier>
    </Filter>
    <Filter Include="02. GameObjects\02. Props">
      <UniqueIdentifier>{5569ac07-f926-4622-9a6b-6d829ca4f109}</UniqueIdentifier>
    </Filter>
    <Filter Include="02. GameObjects\02. Props\ColliderProps">
      <UniqueIdentifier>{4e7987a9-e9d4-415e-b840-5848fde1d18a}</UniqueIdentifier>
    </Filter>
    <Filter Include="02. GameObjects\03. Effects">
      <UniqueIdentifier>{f03047c8-241f-4677-bcc2-9afe7e087e7f}</UniqueIdentifier>
    </Filter>
    <Filter Include="02. GameObjects\03. Effects\Instancing">
      <UniqueIdentifier>{1ce2b66c-a904-41a2-b838-0f89813b6d8d}</UniqueIdentifier>
    </Filter>
    <Filter Include="02. GameObjects\03. Effects\Instancing\Blue_Snow">
      <UniqueIdentifier>{4143d185-239e-4e1a-a62d-5f4f0116b8b4}</UniqueIdentifier>
    </Filter>
    <Filter Include="02. GameObjects\04. Sky">
      <UniqueIdentifier>{cb1d7572-52eb-4e9f-8d88-6313ee1b6fcc}</UniqueIdentifier>
    </Filter>
    <Filter Include="02. GameObjects\05. UI">
      <UniqueIdentifier>{3eab1b69-35f0-4d3a-987d-6731fd6af7e5}</UniqueIdentifier>
    </Filter>
    <Filter Include="02. GameObjects\05. UI\GamePlay">
      <UniqueIdentifier>{16b91256-4498-4d23-95cc-4082fdc58091}</UniqueIdentifier>
    </Filter>
    <Filter Include="02. GameObjects\05. UI\GamePlay\00. Crosshair">
      <UniqueIdentifier>{6ec616fa-3098-4e09-bf3d-a6af67bb084a}</UniqueIdentifier>
    </Filter>
    <Filter Include="02. GameObjects\05. UI\GamePlay\01. Dash">
      <UniqueIdentifier>{3d7fb998-a78c-4ad9-908e-3d4b11b06095}</UniqueIdentifier>
    </Filter>
    <Filter Include="02. GameObjects\05. UI\Logo">
      <UniqueIdentifier>{142eb8dd-a7b4-49e5-a7f3-571ecd216592}</UniqueIdentifier>
    </Filter>
    <Filter Include="02. GameObjects\05. UI\Logo\01. BackGround">
      <UniqueIdentifier>{17930ece-8234-43c2-ba59-83ad14c180a6}</UniqueIdentifier>
    </Filter>
    <Filter Include="02. GameObjects\05. UI\Logo\00. Mouse">
      <UniqueIdentifier>{617ae68c-347e-40b8-976b-980bd9ca8fc0}</UniqueIdentifier>
    </Filter>
    <Filter Include="02. GameObjects\06. Trigger">
      <UniqueIdentifier>{fa361131-17b9-4e0f-a954-6608c9047281}</UniqueIdentifier>
    </Filter>
    <Filter Include="02. GameObjects\01. Enemy\Boss\Sword">
      <UniqueIdentifier>{b97f0901-26f3-47a9-a5ac-6ebeacbda73f}</UniqueIdentifier>
    </Filter>
    <Filter Include="03. Behaviors\03. Boss Tree">
      <UniqueIdentifier>{7a593e93-bd16-4a45-a8d4-67fd6f4a273b}</UniqueIdentifier>
    </Filter>
    <Filter Include="03. Behaviors\03. Boss Tree\Task">
      <UniqueIdentifier>{b6cb5186-7a2d-48f7-b380-a908a0338397}</UniqueIdentifier>
    </Filter>
    <Filter Include="03. Behaviors\03. Boss Tree\Task\Move">
      <UniqueIdentifier>{5a11352d-3d75-4c77-87fa-4416531f30f2}</UniqueIdentifier>
    </Filter>
    <Filter Include="03. Behaviors\03. Boss Tree\Random">
      <UniqueIdentifier>{59db7b81-a584-47dc-b44b-9c3bce4eef8a}</UniqueIdentifier>
    </Filter>
    <Filter Include="03. Behaviors\03. Boss Tree\Sequence">
      <UniqueIdentifier>{4d560696-baea-4b50-a9d3-cde4dc5f9d11}</UniqueIdentifier>
    </Filter>
    <Filter Include="02. GameObjects\01. Enemy\Boss\Bomb">
      <UniqueIdentifier>{fcf04298-7f90-4787-a337-d77c6ad3ab78}</UniqueIdentifier>
    </Filter>
    <Filter Include="03. Behaviors\03. Boss Tree\Selector">
      <UniqueIdentifier>{a158cd88-9d1c-49c2-9a34-e5cec66bb205}</UniqueIdentifier>
    </Filter>
    <Filter Include="03. Behaviors\03. Boss Tree\Task\Attack">
      <UniqueIdentifier>{9d945761-1b1b-4064-946b-6fc68aff82db}</UniqueIdentifier>
    </Filter>
    <Filter Include="02. GameObjects\05. UI\Loading">
      <UniqueIdentifier>{28953af2-aeda-4309-9612-6aee1b276e78}</UniqueIdentifier>
    </Filter>
    <Filter Include="02. GameObjects\05. UI\Loading\00. Loading_Logo">
      <UniqueIdentifier>{e5e9a7df-4f7c-4942-96af-b1b61634c490}</UniqueIdentifier>
    </Filter>
    <Filter Include="02. GameObjects\05. UI\Loading\01. Loading_GamePlay">
      <UniqueIdentifier>{afb097c4-d61b-4a26-86c2-64a306a25cac}</UniqueIdentifier>
    </Filter>
    <Filter Include="02. GameObjects\05. UI\GamePlay\02. Minimap">
      <UniqueIdentifier>{0b41a7db-2d22-4b19-923f-b0e32d1a415a}</UniqueIdentifier>
    </Filter>
    <Filter Include="02. GameObjects\05. UI\GamePlay\02. Minimap\MiniEnemy">
      <UniqueIdentifier>{8ca84763-476b-401e-9bf0-fd23871bc40f}</UniqueIdentifier>
    </Filter>
    <Filter Include="02. GameObjects\05. UI\GamePlay\03. Hook%28Instancing%29">
      <UniqueIdentifier>{dcf273d4-b194-433f-beb6-c38d1a78ee93}</UniqueIdentifier>
    </Filter>
    <Filter Include="02. GameObjects\05. UI\GamePlay\04. BossHP">
      <UniqueIdentifier>{22c9e38f-7451-447b-90ad-cae6d4fbd93c}</UniqueIdentifier>
    </Filter>
    <Filter Include="02. GameObjects\05. UI\GamePlay\05. Indicator">
      <UniqueIdentifier>{80755ff5-0cd1-4396-8ca8-2b442a39496a}</UniqueIdentifier>
    </Filter>
    <Filter Include="02. GameObjects\05. UI\GamePlay\06. Dead">
      <UniqueIdentifier>{af00e9c8-15da-4f84-800e-d9631158c05e}</UniqueIdentifier>
    </Filter>
  </ItemGroup>
  <ItemGroup>
    <ClInclude Include="Client.h">
      <Filter>98. Default</Filter>
    </ClInclude>
    <ClInclude Include="framework.h">
      <Filter>98. Default</Filter>
    </ClInclude>
    <ClInclude Include="Resource.h">
      <Filter>98. Default</Filter>
    </ClInclude>
    <ClInclude Include="targetver.h">
      <Filter>98. Default</Filter>
    </ClInclude>
    <ClInclude Include="..\Public\MainApp.h">
      <Filter>00. MainApp</Filter>
    </ClInclude>
    <ClInclude Include="..\Public\Client_Defines.h">
      <Filter>99. Headers</Filter>
    </ClInclude>
    <ClInclude Include="..\Public\Level_Logo.h">
      <Filter>01. Levels\00. Logo</Filter>
    </ClInclude>
    <ClInclude Include="..\Public\Level_Loading.h">
      <Filter>01. Levels\99. Loading</Filter>
    </ClInclude>
    <ClInclude Include="..\public\Level_Stage1.h">
      <Filter>01. Levels\01. Stage1</Filter>
    </ClInclude>
    <ClInclude Include="..\Public\Terrain.h">
      <Filter>02. GameObjects\99. Debug\Terrain</Filter>
    </ClInclude>
    <ClInclude Include="..\public\Camera_Free.h">
      <Filter>02. GameObjects\99. Debug\FreeCam</Filter>
    </ClInclude>
    <ClInclude Include="..\public\Player.h">
      <Filter>02. GameObjects\00. Player</Filter>
    </ClInclude>
    <ClInclude Include="..\Public\ForkLift.h">
      <Filter>02. GameObjects\99. Debug\ForkLift</Filter>
    </ClInclude>
    <ClInclude Include="..\public\Katana.h">
      <Filter>02. GameObjects\00. Player\Katana</Filter>
    </ClInclude>
    <ClInclude Include="..\Public\Loader.h">
      <Filter>01. Levels\99. Loading</Filter>
    </ClInclude>
    <ClInclude Include="..\Public\BackGround.h">
      <Filter>02. GameObjects\05. UI\Logo\01. BackGround</Filter>
    </ClInclude>
    <ClInclude Include="..\public\Prop.h">
      <Filter>02. GameObjects\02. Props</Filter>
    </ClInclude>
    <ClInclude Include="..\public\ColProp.h">
      <Filter>02. GameObjects\02. Props\ColliderProps</Filter>
    </ClInclude>
    <ClInclude Include="..\public\Blue_Snow.h">
      <Filter>02. GameObjects\03. Effects\Instancing\Blue_Snow</Filter>
    </ClInclude>
    <ClInclude Include="..\Bin\ShaderFiles\Shader_Client_Defines.hpp">
      <Filter>97. ShaderFiles</Filter>
    </ClInclude>
    <ClInclude Include="..\public\Sky.h">
      <Filter>02. GameObjects\04. Sky</Filter>
    </ClInclude>
    <ClInclude Include="..\public\Enemy.h">
      <Filter>02. GameObjects\01. Enemy</Filter>
    </ClInclude>
    <ClInclude Include="..\public\Enemy_Pistol.h">
      <Filter>02. GameObjects\01. Enemy\Enemy_Pistol</Filter>
    </ClInclude>
    <ClInclude Include="..\public\Pistol.h">
      <Filter>02. GameObjects\01. Enemy\Enemy_Pistol\Pistol</Filter>
    </ClInclude>
    <ClInclude Include="..\public\Bullet.h">
      <Filter>02. GameObjects\01. Enemy\Bullet</Filter>
    </ClInclude>
    <ClInclude Include="..\Public\Sequence_Patrol.h">
      <Filter>03. Behaviors\01. Sequence</Filter>
    </ClInclude>
    <ClInclude Include="..\Public\Task_MoveForward.h">
      <Filter>03. Behaviors\02. Task\00. Transform</Filter>
    </ClInclude>
    <ClInclude Include="..\Public\Task_RandomTurn.h">
      <Filter>03. Behaviors\02. Task\00. Transform</Filter>
    </ClInclude>
    <ClInclude Include="..\public\Task_Stop.h">
      <Filter>03. Behaviors\02. Task\99. Stop</Filter>
    </ClInclude>
    <ClInclude Include="..\Public\Task_Attack.h">
      <Filter>03. Behaviors\02. Task\01. Attack</Filter>
    </ClInclude>
    <ClInclude Include="..\public\Task_RandomWait.h">
      <Filter>03. Behaviors\02. Task\99. Stop</Filter>
    </ClInclude>
    <ClInclude Include="..\public\Task_TurnIdle.h">
      <Filter>03. Behaviors\02. Task\00. Transform</Filter>
    </ClInclude>
    <ClInclude Include="..\public\Task_LookAt.h">
      <Filter>03. Behaviors\02. Task\00. Transform</Filter>
    </ClInclude>
    <ClInclude Include="..\public\Sequence_LookAttack.h">
      <Filter>03. Behaviors\01. Sequence</Filter>
    </ClInclude>
    <ClInclude Include="..\public\Task_Wait.h">
      <Filter>03. Behaviors\02. Task\99. Stop</Filter>
    </ClInclude>
    <ClInclude Include="..\public\Task_FailedWait.h">
      <Filter>03. Behaviors\02. Task\99. Stop</Filter>
    </ClInclude>
    <ClInclude Include="..\public\Enemy_Sword.h">
      <Filter>02. GameObjects\01. Enemy\Enemy_Sword</Filter>
    </ClInclude>
    <ClInclude Include="..\public\Sword.h">
      <Filter>02. GameObjects\01. Enemy\Enemy_Sword\Sword</Filter>
    </ClInclude>
    <ClInclude Include="..\public\Selector_FindTargetToDashAttack.h">
      <Filter>03. Behaviors\00. Selector</Filter>
    </ClInclude>
    <ClInclude Include="..\public\Task_Dash.h">
      <Filter>03. Behaviors\02. Task\00. Transform</Filter>
    </ClInclude>
    <ClInclude Include="..\public\Sequence_DashAttack.h">
      <Filter>03. Behaviors\01. Sequence</Filter>
    </ClInclude>
    <ClInclude Include="..\public\Task_Ready.h">
      <Filter>03. Behaviors\02. Task\99. Stop</Filter>
    </ClInclude>
    <ClInclude Include="..\public\Shuriken.h">
      <Filter>02. GameObjects\00. Player\Shuriken</Filter>
    </ClInclude>
    <ClInclude Include="..\public\Enemy_Hammer.h">
      <Filter>02. GameObjects\01. Enemy\Enemy_Hammer</Filter>
    </ClInclude>
    <ClInclude Include="..\public\Hammer.h">
      <Filter>02. GameObjects\01. Enemy\Enemy_Hammer\Hammer</Filter>
    </ClInclude>
    <ClInclude Include="..\public\Selector_Hammer.h">
      <Filter>03. Behaviors\00. Selector</Filter>
    </ClInclude>
    <ClInclude Include="..\public\Sequence_SlowLookAttack.h">
      <Filter>03. Behaviors\01. Sequence</Filter>
    </ClInclude>
    <ClInclude Include="..\public\Task_ChaseLook.h">
      <Filter>03. Behaviors\02. Task\00. Transform</Filter>
    </ClInclude>
    <ClInclude Include="..\public\Loading_Logo.h">
      <Filter>02. GameObjects\05. UI\Loading\00. Loading_Logo</Filter>
    </ClInclude>
    <ClInclude Include="..\public\Mouse.h">
      <Filter>02. GameObjects\05. UI\Logo\00. Mouse</Filter>
    </ClInclude>
    <ClInclude Include="..\public\Level_Stage2.h">
      <Filter>01. Levels\02. Stage2</Filter>
    </ClInclude>
    <ClInclude Include="..\public\Level_Boss.h">
      <Filter>01. Levels\03. Boss</Filter>
    </ClInclude>
    <ClInclude Include="..\public\Trigger.h">
      <Filter>02. GameObjects\06. Trigger</Filter>
    </ClInclude>
    <ClInclude Include="..\public\UI.h">
      <Filter>02. GameObjects\05. UI</Filter>
    </ClInclude>
    <ClInclude Include="..\public\Crosshair.h">
      <Filter>02. GameObjects\05. UI\GamePlay\00. Crosshair</Filter>
    </ClInclude>
    <ClInclude Include="..\public\UI_Dash.h">
      <Filter>02. GameObjects\05. UI\GamePlay\01. Dash</Filter>
    </ClInclude>
    <ClInclude Include="..\public\Boss.h">
      <Filter>02. GameObjects\01. Enemy\Boss</Filter>
    </ClInclude>
    <ClInclude Include="..\public\Boss_Sword.h">
      <Filter>02. GameObjects\01. Enemy\Boss\Sword</Filter>
    </ClInclude>
    <ClInclude Include="..\public\Selector_FindTargetToAttack.h">
      <Filter>03. Behaviors\00. Selector</Filter>
    </ClInclude>
    <ClInclude Include="..\public\Selector_Boss.h">
      <Filter>03. Behaviors\03. Boss Tree</Filter>
    </ClInclude>
    <ClInclude Include="..\public\Task_MoveFront.h">
      <Filter>03. Behaviors\03. Boss Tree\Task\Move</Filter>
    </ClInclude>
    <ClInclude Include="..\public\Task_MoveBack.h">
      <Filter>03. Behaviors\03. Boss Tree\Task\Move</Filter>
    </ClInclude>
    <ClInclude Include="..\public\Task_MoveRight.h">
      <Filter>03. Behaviors\03. Boss Tree\Task\Move</Filter>
    </ClInclude>
    <ClInclude Include="..\public\Task_MoveLeft.h">
      <Filter>03. Behaviors\03. Boss Tree\Task\Move</Filter>
    </ClInclude>
    <ClInclude Include="..\Public\RandomChoose_Move.h">
      <Filter>03. Behaviors\03. Boss Tree\Random</Filter>
    </ClInclude>
    <ClInclude Include="..\public\Sequence_Flying.h">
      <Filter>03. Behaviors\03. Boss Tree\Sequence</Filter>
    </ClInclude>
    <ClInclude Include="..\public\RandomChoose_FlyingAttack.h">
      <Filter>03. Behaviors\03. Boss Tree\Random</Filter>
    </ClInclude>
    <ClInclude Include="..\public\Bomb.h">
      <Filter>02. GameObjects\01. Enemy\Boss\Bomb</Filter>
    </ClInclude>
    <ClInclude Include="..\public\Selector_BossPattern.h">
      <Filter>03. Behaviors\03. Boss Tree\Selector</Filter>
    </ClInclude>
    <ClInclude Include="..\public\Sequence_Landing.h">
      <Filter>03. Behaviors\03. Boss Tree\Sequence</Filter>
    </ClInclude>
    <ClInclude Include="..\public\Sequence_Charge.h">
      <Filter>03. Behaviors\03. Boss Tree\Sequence</Filter>
    </ClInclude>
    <ClInclude Include="..\public\RandomChoose_AttackSequence.h">
      <Filter>03. Behaviors\03. Boss Tree\Random</Filter>
    </ClInclude>
    <ClInclude Include="..\public\Task_Charge.h">
      <Filter>03. Behaviors\03. Boss Tree\Task\Attack</Filter>
    </ClInclude>
    <ClInclude Include="..\public\Task_AttackSequence1.h">
      <Filter>03. Behaviors\03. Boss Tree\Task\Attack</Filter>
    </ClInclude>
    <ClInclude Include="..\public\Task_AttackSequence2.h">
      <Filter>03. Behaviors\03. Boss Tree\Task\Attack</Filter>
    </ClInclude>
    <ClInclude Include="..\public\Task_ThrowBomb.h">
      <Filter>03. Behaviors\03. Boss Tree\Task\Attack</Filter>
    </ClInclude>
    <ClInclude Include="..\public\Task_Summon.h">
      <Filter>03. Behaviors\03. Boss Tree\Task\Attack</Filter>
    </ClInclude>
    <ClInclude Include="..\public\Task_Landing.h">
      <Filter>03. Behaviors\03. Boss Tree\Task\Move</Filter>
    </ClInclude>
    <ClInclude Include="..\public\Task_Fly.h">
      <Filter>03. Behaviors\03. Boss Tree\Task\Move</Filter>
    </ClInclude>
    <ClInclude Include="..\Public\Sequence_BossAttack.h">
      <Filter>03. Behaviors\03. Boss Tree\Sequence</Filter>
    </ClInclude>
    <ClInclude Include="..\public\GhostRunner_Logo.h">
      <Filter>02. GameObjects\05. UI\Loading\01. Loading_GamePlay</Filter>
    </ClInclude>
    <ClInclude Include="..\public\Loading_OuterCycle.h">
      <Filter>02. GameObjects\05. UI\Loading\01. Loading_GamePlay</Filter>
    </ClInclude>
    <ClInclude Include="..\Public\Loading_InnerCycle.h">
      <Filter>02. GameObjects\05. UI\Loading\01. Loading_GamePlay</Filter>
    </ClInclude>
    <ClInclude Include="..\public\Black_BackGround.h">
      <Filter>02. GameObjects\05. UI\Loading\01. Loading_GamePlay</Filter>
    </ClInclude>
    <ClInclude Include="..\public\MiniMap.h">
      <Filter>02. GameObjects\05. UI\GamePlay\02. Minimap</Filter>
    </ClInclude>
    <ClInclude Include="..\public\MiniEnemy.h">
      <Filter>02. GameObjects\05. UI\GamePlay\02. Minimap\MiniEnemy</Filter>
    </ClInclude>
    <ClInclude Include="..\public\UI_Hook.h">
      <Filter>02. GameObjects\05. UI\GamePlay\03. Hook%28Instancing%29</Filter>
    </ClInclude>
    <ClInclude Include="..\public\Boss_Hp.h">
      <Filter>02. GameObjects\05. UI\GamePlay\04. BossHP</Filter>
    </ClInclude>
    <ClInclude Include="..\public\Indicator.h">
      <Filter>02. GameObjects\05. UI\GamePlay\05. Indicator</Filter>
    </ClInclude>
    <ClInclude Include="..\public\UI_Dead.h">
      <Filter>02. GameObjects\05. UI\GamePlay\06. Dead</Filter>
    </ClInclude>
  </ItemGroup>
  <ItemGroup>
    <Image Include="Client.ico">
      <Filter>98. Default</Filter>
    </Image>
    <Image Include="small.ico">
      <Filter>98. Default</Filter>
    </Image>
  </ItemGroup>
  <ItemGroup>
    <ResourceCompile Include="Client.rc">
      <Filter>98. Default</Filter>
    </ResourceCompile>
  </ItemGroup>
  <ItemGroup>
    <ClCompile Include="Client.cpp">
      <Filter>98. Default</Filter>
    </ClCompile>
    <ClCompile Include="..\Private\MainApp.cpp">
      <Filter>00. MainApp</Filter>
    </ClCompile>
    <ClCompile Include="..\Private\Level_Logo.cpp">
      <Filter>01. Levels\00. Logo</Filter>
    </ClCompile>
    <ClCompile Include="..\Private\Level_Loading.cpp">
      <Filter>01. Levels\99. Loading</Filter>
    </ClCompile>
    <ClCompile Include="..\Private\BackGround.cpp">
      <Filter>02. GameObjects\05. UI\Logo\01. BackGround</Filter>
    </ClCompile>
    <ClCompile Include="..\private\Level_Stage1.cpp">
      <Filter>01. Levels\01. Stage1</Filter>
    </ClCompile>
    <ClCompile Include="..\Private\Terrain.cpp">
      <Filter>02. GameObjects\99. Debug\Terrain</Filter>
    </ClCompile>
    <ClCompile Include="..\private\Camera_Free.cpp">
      <Filter>02. GameObjects\99. Debug\FreeCam</Filter>
    </ClCompile>
    <ClCompile Include="..\private\Player.cpp">
      <Filter>02. GameObjects\00. Player</Filter>
    </ClCompile>
    <ClCompile Include="..\Private\ForkLift.cpp">
      <Filter>02. GameObjects\99. Debug\ForkLift</Filter>
    </ClCompile>
    <ClCompile Include="..\private\Katana.cpp">
      <Filter>02. GameObjects\00. Player\Katana</Filter>
    </ClCompile>
    <ClCompile Include="..\Private\Loader.cpp">
      <Filter>01. Levels\99. Loading</Filter>
    </ClCompile>
    <ClCompile Include="..\private\Prop.cpp">
      <Filter>02. GameObjects\02. Props</Filter>
    </ClCompile>
    <ClCompile Include="..\Public\Client_Struct.h">
      <Filter>99. Headers</Filter>
    </ClCompile>
    <ClCompile Include="..\private\ColProp.cpp">
      <Filter>02. GameObjects\02. Props\ColliderProps</Filter>
    </ClCompile>
    <ClCompile Include="..\private\Enemy.cpp">
      <Filter>02. GameObjects\01. Enemy</Filter>
    </ClCompile>
    <ClCompile Include="..\private\Blue_Snow.cpp">
      <Filter>02. GameObjects\03. Effects\Instancing\Blue_Snow</Filter>
    </ClCompile>
    <ClCompile Include="..\private\Sky.cpp">
      <Filter>02. GameObjects\04. Sky</Filter>
    </ClCompile>
    <ClCompile Include="..\private\Enemy_Pistol.cpp">
      <Filter>02. GameObjects\01. Enemy\Enemy_Pistol</Filter>
    </ClCompile>
    <ClCompile Include="..\private\Pistol.cpp">
      <Filter>02. GameObjects\01. Enemy\Enemy_Pistol\Pistol</Filter>
    </ClCompile>
    <ClCompile Include="..\private\Bullet.cpp">
      <Filter>02. GameObjects\01. Enemy\Bullet</Filter>
    </ClCompile>
    <ClCompile Include="..\Private\Sequence_Patrol.cpp">
      <Filter>03. Behaviors\01. Sequence</Filter>
    </ClCompile>
    <ClCompile Include="..\Private\Task_MoveForward.cpp">
      <Filter>03. Behaviors\02. Task\00. Transform</Filter>
    </ClCompile>
    <ClCompile Include="..\Private\Task_RandomTurn.cpp">
      <Filter>03. Behaviors\02. Task\00. Transform</Filter>
    </ClCompile>
    <ClCompile Include="..\private\Task_Stop.cpp">
      <Filter>03. Behaviors\02. Task\99. Stop</Filter>
    </ClCompile>
    <ClCompile Include="..\Private\Task_Attack.cpp">
      <Filter>03. Behaviors\02. Task\01. Attack</Filter>
    </ClCompile>
    <ClCompile Include="..\private\Task_RandomWait.cpp">
      <Filter>03. Behaviors\02. Task\99. Stop</Filter>
    </ClCompile>
    <ClCompile Include="..\private\Task_TurnIdle.cpp">
      <Filter>03. Behaviors\02. Task\00. Transform</Filter>
    </ClCompile>
    <ClCompile Include="..\private\Task_LookAt.cpp">
      <Filter>03. Behaviors\02. Task\00. Transform</Filter>
    </ClCompile>
    <ClCompile Include="..\private\Sequence_LookAttack.cpp">
      <Filter>03. Behaviors\01. Sequence</Filter>
    </ClCompile>
    <ClCompile Include="..\private\Task_Wait.cpp">
      <Filter>03. Behaviors\02. Task\99. Stop</Filter>
    </ClCompile>
    <ClCompile Include="..\private\Task_FailedWait.cpp">
      <Filter>03. Behaviors\02. Task\99. Stop</Filter>
    </ClCompile>
    <ClCompile Include="..\private\Enemy_Sword.cpp">
      <Filter>02. GameObjects\01. Enemy\Enemy_Sword</Filter>
    </ClCompile>
    <ClCompile Include="..\private\Sword.cpp">
      <Filter>02. GameObjects\01. Enemy\Enemy_Sword\Sword</Filter>
    </ClCompile>
    <ClCompile Include="..\private\Selector_FindTargetToDashAttack.cpp">
      <Filter>03. Behaviors\00. Selector</Filter>
    </ClCompile>
    <ClCompile Include="..\private\Task_Dash.cpp">
      <Filter>03. Behaviors\02. Task\00. Transform</Filter>
    </ClCompile>
    <ClCompile Include="..\private\Sequence_DashAttack.cpp">
      <Filter>03. Behaviors\01. Sequence</Filter>
    </ClCompile>
    <ClCompile Include="..\private\Task_Ready.cpp">
      <Filter>03. Behaviors\02. Task\99. Stop</Filter>
    </ClCompile>
    <ClCompile Include="..\private\Shuriken.cpp">
      <Filter>02. GameObjects\00. Player\Shuriken</Filter>
    </ClCompile>
    <ClCompile Include="..\private\Enemy_Hammer.cpp">
      <Filter>02. GameObjects\01. Enemy\Enemy_Hammer</Filter>
    </ClCompile>
    <ClCompile Include="..\private\Hammer.cpp">
      <Filter>02. GameObjects\01. Enemy\Enemy_Hammer\Hammer</Filter>
    </ClCompile>
    <ClCompile Include="..\private\Selector_Hammer.cpp">
      <Filter>03. Behaviors\00. Selector</Filter>
    </ClCompile>
    <ClCompile Include="..\private\Sequence_SlowLookAttack.cpp">
      <Filter>03. Behaviors\01. Sequence</Filter>
    </ClCompile>
    <ClCompile Include="..\private\Task_ChaseLook.cpp">
      <Filter>03. Behaviors\02. Task\00. Transform</Filter>
    </ClCompile>
    <ClCompile Include="..\private\Loading_Logo.cpp">
      <Filter>02. GameObjects\05. UI\Loading\00. Loading_Logo</Filter>
    </ClCompile>
    <ClCompile Include="..\private\Mouse.cpp">
      <Filter>02. GameObjects\05. UI\Logo\00. Mouse</Filter>
    </ClCompile>
    <ClCompile Include="..\private\Level_Stage2.cpp">
      <Filter>01. Levels\02. Stage2</Filter>
    </ClCompile>
    <ClCompile Include="..\private\Level_Boss.cpp">
      <Filter>01. Levels\03. Boss</Filter>
    </ClCompile>
    <ClCompile Include="..\private\Trigger.cpp">
      <Filter>02. GameObjects\06. Trigger</Filter>
    </ClCompile>
    <ClCompile Include="..\private\UI.cpp">
      <Filter>02. GameObjects\05. UI</Filter>
    </ClCompile>
    <ClCompile Include="..\private\Crosshair.cpp">
      <Filter>02. GameObjects\05. UI\GamePlay\00. Crosshair</Filter>
    </ClCompile>
    <ClCompile Include="..\private\UI_Dash.cpp">
      <Filter>02. GameObjects\05. UI\GamePlay\01. Dash</Filter>
    </ClCompile>
    <ClCompile Include="..\private\Boss.cpp">
      <Filter>02. GameObjects\01. Enemy\Boss</Filter>
    </ClCompile>
    <ClCompile Include="..\private\Boss_Sword.cpp">
      <Filter>02. GameObjects\01. Enemy\Boss\Sword</Filter>
    </ClCompile>
    <ClCompile Include="..\private\Selector_FindTargetToAttack.cpp">
      <Filter>03. Behaviors\00. Selector</Filter>
    </ClCompile>
    <ClCompile Include="..\private\Selector_Boss.cpp">
      <Filter>03. Behaviors\03. Boss Tree</Filter>
    </ClCompile>
    <ClCompile Include="..\private\Task_MoveFront.cpp">
      <Filter>03. Behaviors\03. Boss Tree\Task\Move</Filter>
    </ClCompile>
    <ClCompile Include="..\private\Task_MoveBack.cpp">
      <Filter>03. Behaviors\03. Boss Tree\Task\Move</Filter>
    </ClCompile>
    <ClCompile Include="..\private\Task_MoveRight.cpp">
      <Filter>03. Behaviors\03. Boss Tree\Task\Move</Filter>
    </ClCompile>
    <ClCompile Include="..\private\Task_MoveLeft.cpp">
      <Filter>03. Behaviors\03. Boss Tree\Task\Move</Filter>
    </ClCompile>
    <ClCompile Include="..\Private\RandomChoose_Move.cpp">
      <Filter>03. Behaviors\03. Boss Tree\Random</Filter>
    </ClCompile>
    <ClCompile Include="..\private\Sequence_Flying.cpp">
      <Filter>03. Behaviors\03. Boss Tree\Sequence</Filter>
    </ClCompile>
    <ClCompile Include="..\private\RandomChoose_FlyingAttack.cpp">
      <Filter>03. Behaviors\03. Boss Tree\Random</Filter>
    </ClCompile>
    <ClCompile Include="..\private\Bomb.cpp">
      <Filter>02. GameObjects\01. Enemy\Boss\Bomb</Filter>
    </ClCompile>
    <ClCompile Include="..\private\Selector_BossPattern.cpp">
      <Filter>03. Behaviors\03. Boss Tree\Selector</Filter>
    </ClCompile>
    <ClCompile Include="..\private\Sequence_Landing.cpp">
      <Filter>03. Behaviors\03. Boss Tree\Sequence</Filter>
    </ClCompile>
    <ClCompile Include="..\private\Sequence_Charge.cpp">
      <Filter>03. Behaviors\03. Boss Tree\Sequence</Filter>
    </ClCompile>
    <ClCompile Include="..\private\RandomChoose_AttackSequence.cpp">
      <Filter>03. Behaviors\03. Boss Tree\Random</Filter>
    </ClCompile>
    <ClCompile Include="..\private\Task_AttackSequence1.cpp">
      <Filter>03. Behaviors\03. Boss Tree\Task\Attack</Filter>
    </ClCompile>
    <ClCompile Include="..\private\Task_AttackSequence2.cpp">
      <Filter>03. Behaviors\03. Boss Tree\Task\Attack</Filter>
    </ClCompile>
    <ClCompile Include="..\private\Task_Charge.cpp">
      <Filter>03. Behaviors\03. Boss Tree\Task\Attack</Filter>
    </ClCompile>
    <ClCompile Include="..\private\Task_Summon.cpp">
      <Filter>03. Behaviors\03. Boss Tree\Task\Attack</Filter>
    </ClCompile>
    <ClCompile Include="..\private\Task_ThrowBomb.cpp">
      <Filter>03. Behaviors\03. Boss Tree\Task\Attack</Filter>
    </ClCompile>
    <ClCompile Include="..\private\Task_Fly.cpp">
      <Filter>03. Behaviors\03. Boss Tree\Task\Move</Filter>
    </ClCompile>
    <ClCompile Include="..\private\Task_Landing.cpp">
      <Filter>03. Behaviors\03. Boss Tree\Task\Move</Filter>
    </ClCompile>
    <ClCompile Include="..\private\Sequence_BossAttack.cpp">
      <Filter>03. Behaviors\03. Boss Tree\Sequence</Filter>
    </ClCompile>
    <ClCompile Include="..\private\GhostRunner_Logo.cpp">
      <Filter>02. GameObjects\05. UI\Loading\01. Loading_GamePlay</Filter>
    </ClCompile>
    <ClCompile Include="..\private\Loading_OuterCycle.cpp">
      <Filter>02. GameObjects\05. UI\Loading\01. Loading_GamePlay</Filter>
    </ClCompile>
    <ClCompile Include="..\Private\Loading_InnerCycle.cpp">
      <Filter>02. GameObjects\05. UI\Loading\01. Loading_GamePlay</Filter>
    </ClCompile>
    <ClCompile Include="..\private\Black_BackGround.cpp">
      <Filter>02. GameObjects\05. UI\Loading\01. Loading_GamePlay</Filter>
    </ClCompile>
    <ClCompile Include="..\private\MiniMap.cpp">
      <Filter>02. GameObjects\05. UI\GamePlay\02. Minimap</Filter>
    </ClCompile>
    <ClCompile Include="..\private\MiniEnemy.cpp">
      <Filter>02. GameObjects\05. UI\GamePlay\02. Minimap\MiniEnemy</Filter>
    </ClCompile>
    <ClCompile Include="..\private\UI_Hook.cpp">
      <Filter>02. GameObjects\05. UI\GamePlay\03. Hook%28Instancing%29</Filter>
    </ClCompile>
    <ClCompile Include="..\private\Boss_Hp.cpp">
      <Filter>02. GameObjects\05. UI\GamePlay\04. BossHP</Filter>
    </ClCompile>
    <ClCompile Include="..\private\Indicator.cpp">
      <Filter>02. GameObjects\05. UI\GamePlay\05. Indicator</Filter>
    </ClCompile>
    <ClCompile Include="..\private\UI_Dead.cpp">
      <Filter>02. GameObjects\05. UI\GamePlay\06. Dead</Filter>
    </ClCompile>
  </ItemGroup>
  <ItemGroup>
    <FxCompile Include="..\Bin\ShaderFiles\Shader_VtxTex.hlsl">
      <Filter>97. ShaderFiles</Filter>
    </FxCompile>
    <FxCompile Include="..\Bin\ShaderFiles\Shader_VtxNorTex.hlsl">
      <Filter>97. ShaderFiles</Filter>
    </FxCompile>
    <FxCompile Include="..\Bin\ShaderFiles\Shader_VtxMesh.hlsl">
      <Filter>97. ShaderFiles</Filter>
    </FxCompile>
    <FxCompile Include="..\Bin\ShaderFiles\Shader_VtxAnimMesh.hlsl">
      <Filter>97. ShaderFiles</Filter>
    </FxCompile>
    <FxCompile Include="..\Bin\ShaderFiles\Shader_Terrain.hlsl">
      <Filter>97. ShaderFiles</Filter>
    </FxCompile>
    <FxCompile Include="..\Bin\ShaderFiles\Shader_VtxPointInstance.hlsl">
      <Filter>97. ShaderFiles</Filter>
    </FxCompile>
    <FxCompile Include="..\Bin\ShaderFiles\Shader_VtxTexInstance.hlsl">
      <Filter>97. ShaderFiles</Filter>
    </FxCompile>
    <FxCompile Include="..\Bin\ShaderFiles\Shader_VtxORMMesh.hlsl">
      <Filter>97. ShaderFiles</Filter>
    </FxCompile>
  </ItemGroup>
</Project>