<?xml version="1.0" encoding="utf-8"?>
<Project ToolsVersion="4.0" xmlns="http://schemas.microsoft.com/developer/msbuild/2003">
  <ItemGroup>
    <Filter Include="98. Default">
      <UniqueIdentifier>{88ab1a4c-c6b2-4807-a662-8d94338ff731}</UniqueIdentifier>
    </Filter>
    <Filter Include="99. Headers">
      <UniqueIdentifier>{51fd41d9-8fcf-4a06-9428-af81e7311eb6}</UniqueIdentifier>
    </Filter>
    <Filter Include="97. Resource">
      <UniqueIdentifier>{707c3f4b-8b15-460b-a521-a00a96be2b11}</UniqueIdentifier>
    </Filter>
    <Filter Include="01. MainFrm">
      <UniqueIdentifier>{53140a9f-a26e-40fd-89ce-77ba1908339b}</UniqueIdentifier>
    </Filter>
    <Filter Include="02. View">
      <UniqueIdentifier>{a310edfc-ebd3-48b8-9fd9-d80bbd0bdfb3}</UniqueIdentifier>
    </Filter>
    <Filter Include="02. View\MyForm">
      <UniqueIdentifier>{2b7dc81b-1051-4c2f-8707-f79e4d10bd43}</UniqueIdentifier>
    </Filter>
    <Filter Include="02. View\MyForm\Tab">
      <UniqueIdentifier>{44e73237-2267-426e-b682-f9070da77700}</UniqueIdentifier>
    </Filter>
    <Filter Include="03. Document">
      <UniqueIdentifier>{ee984aa1-ce4e-4e45-84f6-368ee871ec05}</UniqueIdentifier>
    </Filter>
    <Filter Include="04. FileInfo">
      <UniqueIdentifier>{7763fd88-7246-446f-bda9-b3cd7ce9292e}</UniqueIdentifier>
    </Filter>
    <Filter Include="05. ToolObjects">
      <UniqueIdentifier>{3ede8a4c-ee51-42de-8ba0-0cc365fa2c1e}</UniqueIdentifier>
    </Filter>
    <Filter Include="05. ToolObjects\Terrain">
      <UniqueIdentifier>{170637d3-e50d-49ca-9819-7ca36fdb0ab5}</UniqueIdentifier>
    </Filter>
    <Filter Include="05. ToolObjects\DynamicCamera">
      <UniqueIdentifier>{9629db39-e6ba-4652-b87c-33a344486cdb}</UniqueIdentifier>
    </Filter>
    <Filter Include="00. MainTool">
      <UniqueIdentifier>{12c47897-1d79-4bdd-a18d-70da1b0b7b33}</UniqueIdentifier>
    </Filter>
    <Filter Include="06. ToolManager">
      <UniqueIdentifier>{7d132b28-6ccb-4c77-ac1d-37cba798a74f}</UniqueIdentifier>
    </Filter>
  </ItemGroup>
  <ItemGroup>
    <ClInclude Include="framework.h">
      <Filter>98. Default</Filter>
    </ClInclude>
    <ClInclude Include="pch.h">
      <Filter>98. Default</Filter>
    </ClInclude>
    <ClInclude Include="targetver.h">
      <Filter>98. Default</Filter>
    </ClInclude>
    <ClInclude Include="Tool.h">
      <Filter>98. Default</Filter>
    </ClInclude>
    <ClInclude Include="MainFrm.h">
      <Filter>01. MainFrm</Filter>
    </ClInclude>
    <ClInclude Include="ToolDoc.h">
      <Filter>03. Document</Filter>
    </ClInclude>
    <ClInclude Include="ToolView.h">
      <Filter>02. View</Filter>
    </ClInclude>
    <ClInclude Include="MyForm.h">
      <Filter>02. View\MyForm</Filter>
    </ClInclude>
    <ClInclude Include="Tab2.h">
      <Filter>02. View\MyForm\Tab</Filter>
    </ClInclude>
    <ClInclude Include="Tab1.h">
      <Filter>02. View\MyForm\Tab</Filter>
    </ClInclude>
    <ClInclude Include="Tool_Defines.h">
      <Filter>99. Headers</Filter>
    </ClInclude>
    <ClInclude Include="FileInfo.h">
      <Filter>04. FileInfo</Filter>
    </ClInclude>
    <ClInclude Include="Tool_Macro.h">
      <Filter>99. Headers</Filter>
    </ClInclude>
    <ClInclude Include="Resource.h">
      <Filter>97. Resource</Filter>
    </ClInclude>
    <ClInclude Include="Terrain.h">
      <Filter>05. ToolObjects\Terrain</Filter>
    </ClInclude>
    <ClInclude Include="DynamicCamera.h">
      <Filter>05. ToolObjects\DynamicCamera</Filter>
    </ClInclude>
    <ClInclude Include="MainTool.h">
      <Filter>00. MainTool</Filter>
    </ClInclude>
    <ClInclude Include="FrameManager.h">
      <Filter>06. ToolManager</Filter>
    </ClInclude>
  </ItemGroup>
  <ItemGroup>
    <ClCompile Include="pch.cpp">
      <Filter>98. Default</Filter>
    </ClCompile>
    <ClCompile Include="Tool.cpp">
      <Filter>98. Default</Filter>
    </ClCompile>
    <ClCompile Include="MainFrm.cpp">
      <Filter>01. MainFrm</Filter>
    </ClCompile>
    <ClCompile Include="ToolDoc.cpp">
      <Filter>03. Document</Filter>
    </ClCompile>
    <ClCompile Include="ToolView.cpp">
      <Filter>02. View</Filter>
    </ClCompile>
    <ClCompile Include="MyForm.cpp">
      <Filter>02. View\MyForm</Filter>
    </ClCompile>
    <ClCompile Include="Tab1.cpp">
      <Filter>02. View\MyForm\Tab</Filter>
    </ClCompile>
    <ClCompile Include="Tab2.cpp">
      <Filter>02. View\MyForm\Tab</Filter>
    </ClCompile>
    <ClCompile Include="FileInfo.cpp">
      <Filter>04. FileInfo</Filter>
    </ClCompile>
    <ClCompile Include="Terrain.cpp">
      <Filter>05. ToolObjects\Terrain</Filter>
    </ClCompile>
    <ClCompile Include="DynamicCamera.cpp">
      <Filter>05. ToolObjects\DynamicCamera</Filter>
    </ClCompile>
    <ClCompile Include="MainTool.cpp">
      <Filter>00. MainTool</Filter>
    </ClCompile>
    <ClCompile Include="FrameManager.cpp">
      <Filter>06. ToolManager</Filter>
    </ClCompile>
  </ItemGroup>
  <ItemGroup>
    <Image Include="res\Tool.ico">
      <Filter>98. Default</Filter>
    </Image>
    <Image Include="res\ToolDoc.ico">
      <Filter>98. Default</Filter>
    </Image>
    <Image Include="res\Toolbar.bmp">
      <Filter>98. Default</Filter>
    </Image>
  </ItemGroup>
  <ItemGroup>
    <ResourceCompile Include="Tool.rc">
      <Filter>98. Default</Filter>
    </ResourceCompile>
  </ItemGroup>
  <ItemGroup>
    <None Include="res\Tool.rc2">
      <Filter>98. Default</Filter>
    </None>
  </ItemGroup>
</Project>